
Microsoft Visual Studio Solution File, Format Version 12.00
# Visual Studio 14
VisualStudioVersion = 14.0.25420.1
MinimumVisualStudioVersion = 10.0.40219.1
Project("{2150E333-8FDC-42A3-9474-1A3956D46DE8}") = "App", "App", "{792C3514-41F4-4A52-AA21-FC42E89F8854}"
EndProject
Project("{FAE04EC0-301F-11D3-BF4B-00C04F79EFBC}") = "App", "CS\App\App.csproj", "{0B12BC29-B3F2-4B91-892A-D8BB414BFB86}"
EndProject
Project("{2150E333-8FDC-42A3-9474-1A3956D46DE8}") = "Test", "Test", "{BFD28DBF-C4C0-4B43-86FC-2878E9EA6F4C}"
EndProject
Project("{FAE04EC0-301F-11D3-BF4B-00C04F79EFBC}") = "App.Test", "CS\Test\App.Test.csproj", "{3FC6FB07-A3A3-40CB-AF87-38E0A38507FC}"
EndProject
Project("{2150E333-8FDC-42A3-9474-1A3956D46DE8}") = "JS", "JS", "{B8E8808F-6BC2-407D-A101-425DFC87B988}"
EndProject
Project("{2150E333-8FDC-42A3-9474-1A3956D46DE8}") = "CS", "CS", "{A2E902D0-E73B-45FA-8A31-1D74DE062B82}"
EndProject
Project("{2150E333-8FDC-42A3-9474-1A3956D46DE8}") = "App", "App", "{3CB7BBBD-6E86-466C-991E-13638558EC04}"
EndProject
Global
	GlobalSection(SolutionConfigurationPlatforms) = preSolution
		Debug|Any CPU = Debug|Any CPU
		Release|Any CPU = Release|Any CPU
	EndGlobalSection
	GlobalSection(ProjectConfigurationPlatforms) = postSolution
		{0B12BC29-B3F2-4B91-892A-D8BB414BFB86}.Debug|Any CPU.ActiveCfg = Debug|Any CPU
		{0B12BC29-B3F2-4B91-892A-D8BB414BFB86}.Debug|Any CPU.Build.0 = Debug|Any CPU
		{0B12BC29-B3F2-4B91-892A-D8BB414BFB86}.Release|Any CPU.ActiveCfg = Release|Any CPU
		{0B12BC29-B3F2-4B91-892A-D8BB414BFB86}.Release|Any CPU.Build.0 = Release|Any CPU
		{3FC6FB07-A3A3-40CB-AF87-38E0A38507FC}.Debug|Any CPU.ActiveCfg = Debug|Any CPU
		{3FC6FB07-A3A3-40CB-AF87-38E0A38507FC}.Debug|Any CPU.Build.0 = Debug|Any CPU
		{3FC6FB07-A3A3-40CB-AF87-38E0A38507FC}.Release|Any CPU.ActiveCfg = Release|Any CPU
		{3FC6FB07-A3A3-40CB-AF87-38E0A38507FC}.Release|Any CPU.Build.0 = Release|Any CPU
	EndGlobalSection
	GlobalSection(SolutionProperties) = preSolution
		HideSolutionNode = FALSE
	EndGlobalSection
	GlobalSection(NestedProjects) = preSolution
		{792C3514-41F4-4A52-AA21-FC42E89F8854} = {A2E902D0-E73B-45FA-8A31-1D74DE062B82}
		{0B12BC29-B3F2-4B91-892A-D8BB414BFB86} = {792C3514-41F4-4A52-AA21-FC42E89F8854}
		{BFD28DBF-C4C0-4B43-86FC-2878E9EA6F4C} = {A2E902D0-E73B-45FA-8A31-1D74DE062B82}
		{3FC6FB07-A3A3-40CB-AF87-38E0A38507FC} = {BFD28DBF-C4C0-4B43-86FC-2878E9EA6F4C}
		{3CB7BBBD-6E86-466C-991E-13638558EC04} = {B8E8808F-6BC2-407D-A101-425DFC87B988}
	EndGlobalSection
EndGlobal
